// !$*UTF8*$!
{
	archiveVersion = 1;
	classes = {
	};
	objectVersion = 55;
	objects = {

/* Begin PBXBuildFile section */
		2208251E287B63B3002B6A19 /* AppDelegate.swift in Sources */ = {isa = PBXBuildFile; fileRef = 2208251D287B63B3002B6A19 /* AppDelegate.swift */; };
		22082520287B63B3002B6A19 /* SceneDelegate.swift in Sources */ = {isa = PBXBuildFile; fileRef = 2208251F287B63B3002B6A19 /* SceneDelegate.swift */; };
		22082522287B63B3002B6A19 /* ViewController.swift in Sources */ = {isa = PBXBuildFile; fileRef = 22082521287B63B3002B6A19 /* ViewController.swift */; };
		22082525287B63B3002B6A19 /* Main.storyboard in Resources */ = {isa = PBXBuildFile; fileRef = 22082523287B63B3002B6A19 /* Main.storyboard */; };
		22082527287B63B6002B6A19 /* Assets.xcassets in Resources */ = {isa = PBXBuildFile; fileRef = 22082526287B63B6002B6A19 /* Assets.xcassets */; };
		2208252A287B63B6002B6A19 /* LaunchScreen.storyboard in Resources */ = {isa = PBXBuildFile; fileRef = 22082528287B63B6002B6A19 /* LaunchScreen.storyboard */; };
		22931B05287BB01F0053C103 /* PlayfairDisplay-BlackItalic.ttf in Resources */ = {isa = PBXBuildFile; fileRef = 22931AFD287BB0130053C103 /* PlayfairDisplay-BlackItalic.ttf */; };
		22931B06287BB01F0053C103 /* PlayfairDisplay-BoldItalic.ttf in Resources */ = {isa = PBXBuildFile; fileRef = 22931AF9287BB0130053C103 /* PlayfairDisplay-BoldItalic.ttf */; };
		22931B07287BB01F0053C103 /* PlayfairDisplay-Black.ttf in Resources */ = {isa = PBXBuildFile; fileRef = 22931B04287BB0140053C103 /* PlayfairDisplay-Black.ttf */; };
		22931B08287BB01F0053C103 /* PlayfairDisplay-ExtraBoldItalic.ttf in Resources */ = {isa = PBXBuildFile; fileRef = 22931B03287BB0140053C103 /* PlayfairDisplay-ExtraBoldItalic.ttf */; };
		22931B09287BB01F0053C103 /* PlayfairDisplay-ExtraBold.ttf in Resources */ = {isa = PBXBuildFile; fileRef = 22931B02287BB0130053C103 /* PlayfairDisplay-ExtraBold.ttf */; };
		22931B0A287BB01F0053C103 /* PlayfairDisplay-Italic.ttf in Resources */ = {isa = PBXBuildFile; fileRef = 22931AFE287BB0130053C103 /* PlayfairDisplay-Italic.ttf */; };
		22931B0B287BB01F0053C103 /* PlayfairDisplay-MediumItalic.ttf in Resources */ = {isa = PBXBuildFile; fileRef = 22931B00287BB0130053C103 /* PlayfairDisplay-MediumItalic.ttf */; };
		22931B0D287BB01F0053C103 /* PlayfairDisplay-Medium.ttf in Resources */ = {isa = PBXBuildFile; fileRef = 22931AFF287BB0130053C103 /* PlayfairDisplay-Medium.ttf */; };
		22931B0E287BB01F0053C103 /* PlayfairDisplay-Bold.ttf in Resources */ = {isa = PBXBuildFile; fileRef = 22931AFA287BB0130053C103 /* PlayfairDisplay-Bold.ttf */; };
		22931B0F287BB01F0053C103 /* PlayfairDisplay-SemiBold.ttf in Resources */ = {isa = PBXBuildFile; fileRef = 22931B01287BB0130053C103 /* PlayfairDisplay-SemiBold.ttf */; };
		22931B10287BB01F0053C103 /* PlayfairDisplay-SemiBoldItalic.ttf in Resources */ = {isa = PBXBuildFile; fileRef = 22931AFB287BB0130053C103 /* PlayfairDisplay-SemiBoldItalic.ttf */; };
		22931B1F287BB03C0053C103 /* RobotoMono-MediumItalic.ttf in Resources */ = {isa = PBXBuildFile; fileRef = 22931B11287BB03B0053C103 /* RobotoMono-MediumItalic.ttf */; };
		22931B20287BB03C0053C103 /* RobotoMono-Bold.ttf in Resources */ = {isa = PBXBuildFile; fileRef = 22931B12287BB03B0053C103 /* RobotoMono-Bold.ttf */; };
		22931B21287BB03C0053C103 /* RobotoMono-Regular.ttf in Resources */ = {isa = PBXBuildFile; fileRef = 22931B13287BB03B0053C103 /* RobotoMono-Regular.ttf */; };
		22931B22287BB03C0053C103 /* RobotoMono-LightItalic.ttf in Resources */ = {isa = PBXBuildFile; fileRef = 22931B14287BB03C0053C103 /* RobotoMono-LightItalic.ttf */; };
		22931B23287BB03C0053C103 /* RobotoMono-SemiBoldItalic.ttf in Resources */ = {isa = PBXBuildFile; fileRef = 22931B15287BB03C0053C103 /* RobotoMono-SemiBoldItalic.ttf */; };
		22931B24287BB03C0053C103 /* RobotoMono-SemiBold.ttf in Resources */ = {isa = PBXBuildFile; fileRef = 22931B16287BB03C0053C103 /* RobotoMono-SemiBold.ttf */; };
		22931B25287BB03C0053C103 /* RobotoMono-BoldItalic.ttf in Resources */ = {isa = PBXBuildFile; fileRef = 22931B17287BB03C0053C103 /* RobotoMono-BoldItalic.ttf */; };
		22931B26287BB03C0053C103 /* RobotoMono-Medium.ttf in Resources */ = {isa = PBXBuildFile; fileRef = 22931B18287BB03C0053C103 /* RobotoMono-Medium.ttf */; };
		22931B27287BB03C0053C103 /* RobotoMono-Italic.ttf in Resources */ = {isa = PBXBuildFile; fileRef = 22931B19287BB03C0053C103 /* RobotoMono-Italic.ttf */; };
		22931B28287BB03C0053C103 /* RobotoMono-Thin.ttf in Resources */ = {isa = PBXBuildFile; fileRef = 22931B1A287BB03C0053C103 /* RobotoMono-Thin.ttf */; };
		22931B29287BB03C0053C103 /* RobotoMono-Light.ttf in Resources */ = {isa = PBXBuildFile; fileRef = 22931B1B287BB03C0053C103 /* RobotoMono-Light.ttf */; };
		22931B2A287BB03C0053C103 /* RobotoMono-ExtraLight.ttf in Resources */ = {isa = PBXBuildFile; fileRef = 22931B1C287BB03C0053C103 /* RobotoMono-ExtraLight.ttf */; };
		22931B2B287BB03C0053C103 /* RobotoMono-ExtraLightItalic.ttf in Resources */ = {isa = PBXBuildFile; fileRef = 22931B1D287BB03C0053C103 /* RobotoMono-ExtraLightItalic.ttf */; };
		22931B2C287BB03C0053C103 /* RobotoMono-ThinItalic.ttf in Resources */ = {isa = PBXBuildFile; fileRef = 22931B1E287BB03C0053C103 /* RobotoMono-ThinItalic.ttf */; };
		22931B2E287BB1360053C103 /* PlayfairDisplay-Regular.ttf in Resources */ = {isa = PBXBuildFile; fileRef = 22931B2D287BB1330053C103 /* PlayfairDisplay-Regular.ttf */; };
		22931B30287BB1E00053C103 /* UIFont+.swift in Sources */ = {isa = PBXBuildFile; fileRef = 22931B2F287BB1E00053C103 /* UIFont+.swift */; };
		22931B34287BC0970053C103 /* TestView.swift in Sources */ = {isa = PBXBuildFile; fileRef = 22931B33287BC0970053C103 /* TestView.swift */; };
		22931B36287BC6670053C103 /* UIView+SetFont.swift in Sources */ = {isa = PBXBuildFile; fileRef = 22931B35287BC6670053C103 /* UIView+SetFont.swift */; };
/* End PBXBuildFile section */

/* Begin PBXFileReference section */
		2208251A287B63B3002B6A19 /* CustomDynamicType.app */ = {isa = PBXFileReference; explicitFileType = wrapper.application; includeInIndex = 0; path = CustomDynamicType.app; sourceTree = BUILT_PRODUCTS_DIR; };
		2208251D287B63B3002B6A19 /* AppDelegate.swift */ = {isa = PBXFileReference; lastKnownFileType = sourcecode.swift; path = AppDelegate.swift; sourceTree = "<group>"; };
		2208251F287B63B3002B6A19 /* SceneDelegate.swift */ = {isa = PBXFileReference; lastKnownFileType = sourcecode.swift; path = SceneDelegate.swift; sourceTree = "<group>"; };
		22082521287B63B3002B6A19 /* ViewController.swift */ = {isa = PBXFileReference; lastKnownFileType = sourcecode.swift; path = ViewController.swift; sourceTree = "<group>"; };
		22082524287B63B3002B6A19 /* Base */ = {isa = PBXFileReference; lastKnownFileType = file.storyboard; name = Base; path = Base.lproj/Main.storyboard; sourceTree = "<group>"; };
		22082526287B63B6002B6A19 /* Assets.xcassets */ = {isa = PBXFileReference; lastKnownFileType = folder.assetcatalog; path = Assets.xcassets; sourceTree = "<group>"; };
		22082529287B63B6002B6A19 /* Base */ = {isa = PBXFileReference; lastKnownFileType = file.storyboard; name = Base; path = Base.lproj/LaunchScreen.storyboard; sourceTree = "<group>"; };
		2208252B287B63B6002B6A19 /* Info.plist */ = {isa = PBXFileReference; lastKnownFileType = text.plist.xml; path = Info.plist; sourceTree = "<group>"; };
		22931AF9287BB0130053C103 /* PlayfairDisplay-BoldItalic.ttf */ = {isa = PBXFileReference; lastKnownFileType = file; path = "PlayfairDisplay-BoldItalic.ttf"; sourceTree = "<group>"; };
		22931AFA287BB0130053C103 /* PlayfairDisplay-Bold.ttf */ = {isa = PBXFileReference; lastKnownFileType = file; path = "PlayfairDisplay-Bold.ttf"; sourceTree = "<group>"; };
		22931AFB287BB0130053C103 /* PlayfairDisplay-SemiBoldItalic.ttf */ = {isa = PBXFileReference; lastKnownFileType = file; path = "PlayfairDisplay-SemiBoldItalic.ttf"; sourceTree = "<group>"; };
		22931AFD287BB0130053C103 /* PlayfairDisplay-BlackItalic.ttf */ = {isa = PBXFileReference; lastKnownFileType = file; path = "PlayfairDisplay-BlackItalic.ttf"; sourceTree = "<group>"; };
		22931AFE287BB0130053C103 /* PlayfairDisplay-Italic.ttf */ = {isa = PBXFileReference; lastKnownFileType = file; path = "PlayfairDisplay-Italic.ttf"; sourceTree = "<group>"; };
		22931AFF287BB0130053C103 /* PlayfairDisplay-Medium.ttf */ = {isa = PBXFileReference; lastKnownFileType = file; path = "PlayfairDisplay-Medium.ttf"; sourceTree = "<group>"; };
		22931B00287BB0130053C103 /* PlayfairDisplay-MediumItalic.ttf */ = {isa = PBXFileReference; lastKnownFileType = file; path = "PlayfairDisplay-MediumItalic.ttf"; sourceTree = "<group>"; };
		22931B01287BB0130053C103 /* PlayfairDisplay-SemiBold.ttf */ = {isa = PBXFileReference; lastKnownFileType = file; path = "PlayfairDisplay-SemiBold.ttf"; sourceTree = "<group>"; };
		22931B02287BB0130053C103 /* PlayfairDisplay-ExtraBold.ttf */ = {isa = PBXFileReference; lastKnownFileType = file; path = "PlayfairDisplay-ExtraBold.ttf"; sourceTree = "<group>"; };
		22931B03287BB0140053C103 /* PlayfairDisplay-ExtraBoldItalic.ttf */ = {isa = PBXFileReference; lastKnownFileType = file; path = "PlayfairDisplay-ExtraBoldItalic.ttf"; sourceTree = "<group>"; };
		22931B04287BB0140053C103 /* PlayfairDisplay-Black.ttf */ = {isa = PBXFileReference; lastKnownFileType = file; path = "PlayfairDisplay-Black.ttf"; sourceTree = "<group>"; };
		22931B11287BB03B0053C103 /* RobotoMono-MediumItalic.ttf */ = {isa = PBXFileReference; lastKnownFileType = file; path = "RobotoMono-MediumItalic.ttf"; sourceTree = "<group>"; };
		22931B12287BB03B0053C103 /* RobotoMono-Bold.ttf */ = {isa = PBXFileReference; lastKnownFileType = file; path = "RobotoMono-Bold.ttf"; sourceTree = "<group>"; };
		22931B13287BB03B0053C103 /* RobotoMono-Regular.ttf */ = {isa = PBXFileReference; lastKnownFileType = file; path = "RobotoMono-Regular.ttf"; sourceTree = "<group>"; };
		22931B14287BB03C0053C103 /* RobotoMono-LightItalic.ttf */ = {isa = PBXFileReference; lastKnownFileType = file; path = "RobotoMono-LightItalic.ttf"; sourceTree = "<group>"; };
		22931B15287BB03C0053C103 /* RobotoMono-SemiBoldItalic.ttf */ = {isa = PBXFileReference; lastKnownFileType = file; path = "RobotoMono-SemiBoldItalic.ttf"; sourceTree = "<group>"; };
		22931B16287BB03C0053C103 /* RobotoMono-SemiBold.ttf */ = {isa = PBXFileReference; lastKnownFileType = file; path = "RobotoMono-SemiBold.ttf"; sourceTree = "<group>"; };
		22931B17287BB03C0053C103 /* RobotoMono-BoldItalic.ttf */ = {isa = PBXFileReference; lastKnownFileType = file; path = "RobotoMono-BoldItalic.ttf"; sourceTree = "<group>"; };
		22931B18287BB03C0053C103 /* RobotoMono-Medium.ttf */ = {isa = PBXFileReference; lastKnownFileType = file; path = "RobotoMono-Medium.ttf"; sourceTree = "<group>"; };
		22931B19287BB03C0053C103 /* RobotoMono-Italic.ttf */ = {isa = PBXFileReference; lastKnownFileType = file; path = "RobotoMono-Italic.ttf"; sourceTree = "<group>"; };
		22931B1A287BB03C0053C103 /* RobotoMono-Thin.ttf */ = {isa = PBXFileReference; lastKnownFileType = file; path = "RobotoMono-Thin.ttf"; sourceTree = "<group>"; };
		22931B1B287BB03C0053C103 /* RobotoMono-Light.ttf */ = {isa = PBXFileReference; lastKnownFileType = file; path = "RobotoMono-Light.ttf"; sourceTree = "<group>"; };
		22931B1C287BB03C0053C103 /* RobotoMono-ExtraLight.ttf */ = {isa = PBXFileReference; lastKnownFileType = file; path = "RobotoMono-ExtraLight.ttf"; sourceTree = "<group>"; };
		22931B1D287BB03C0053C103 /* RobotoMono-ExtraLightItalic.ttf */ = {isa = PBXFileReference; lastKnownFileType = file; path = "RobotoMono-ExtraLightItalic.ttf"; sourceTree = "<group>"; };
		22931B1E287BB03C0053C103 /* RobotoMono-ThinItalic.ttf */ = {isa = PBXFileReference; lastKnownFileType = file; path = "RobotoMono-ThinItalic.ttf"; sourceTree = "<group>"; };
		22931B2D287BB1330053C103 /* PlayfairDisplay-Regular.ttf */ = {isa = PBXFileReference; lastKnownFileType = file; path = "PlayfairDisplay-Regular.ttf"; sourceTree = "<group>"; };
		22931B2F287BB1E00053C103 /* UIFont+.swift */ = {isa = PBXFileReference; lastKnownFileType = sourcecode.swift; path = "UIFont+.swift"; sourceTree = "<group>"; };
		22931B33287BC0970053C103 /* TestView.swift */ = {isa = PBXFileReference; lastKnownFileType = sourcecode.swift; path = TestView.swift; sourceTree = "<group>"; };
		22931B35287BC6670053C103 /* UIView+SetFont.swift */ = {isa = PBXFileReference; lastKnownFileType = sourcecode.swift; path = "UIView+SetFont.swift"; sourceTree = "<group>"; };
/* End PBXFileReference section */

/* Begin PBXFrameworksBuildPhase section */
		22082517287B63B3002B6A19 /* Frameworks */ = {
			isa = PBXFrameworksBuildPhase;
			buildActionMask = 2147483647;
			files = (
			);
			runOnlyForDeploymentPostprocessing = 0;
		};
/* End PBXFrameworksBuildPhase section */

/* Begin PBXGroup section */
		22082511287B63B3002B6A19 = {
			isa = PBXGroup;
			children = (
				2208251C287B63B3002B6A19 /* CustomDynamicType */,
				2208251B287B63B3002B6A19 /* Products */,
			);
			sourceTree = "<group>";
		};
		2208251B287B63B3002B6A19 /* Products */ = {
			isa = PBXGroup;
			children = (
				2208251A287B63B3002B6A19 /* CustomDynamicType.app */,
			);
			name = Products;
			sourceTree = "<group>";
		};
		2208251C287B63B3002B6A19 /* CustomDynamicType */ = {
			isa = PBXGroup;
			children = (
				2208251D287B63B3002B6A19 /* AppDelegate.swift */,
				2208251F287B63B3002B6A19 /* SceneDelegate.swift */,
				22082521287B63B3002B6A19 /* ViewController.swift */,
				22931B33287BC0970053C103 /* TestView.swift */,
				22931B2F287BB1E00053C103 /* UIFont+.swift */,
				22931B35287BC6670053C103 /* UIView+SetFont.swift */,
				22082523287B63B3002B6A19 /* Main.storyboard */,
				22082526287B63B6002B6A19 /* Assets.xcassets */,
				22082528287B63B6002B6A19 /* LaunchScreen.storyboard */,
				2208252B287B63B6002B6A19 /* Info.plist */,
				22931AF4287BAF960053C103 /* Fonts */,
			);
			path = CustomDynamicType;
			sourceTree = "<group>";
		};
		22931AF4287BAF960053C103 /* Fonts */ = {
			isa = PBXGroup;
			children = (
				22931AF8287BAFF10053C103 /* Roboto Mono */,
				22931AF5287BAFA50053C103 /* Playfair Display */,
			);
			path = Fonts;
			sourceTree = "<group>";
		};
		22931AF5287BAFA50053C103 /* Playfair Display */ = {
			isa = PBXGroup;
			children = (
				22931B04287BB0140053C103 /* PlayfairDisplay-Black.ttf */,
				22931AFD287BB0130053C103 /* PlayfairDisplay-BlackItalic.ttf */,
				22931AFA287BB0130053C103 /* PlayfairDisplay-Bold.ttf */,
				22931AF9287BB0130053C103 /* PlayfairDisplay-BoldItalic.ttf */,
				22931B02287BB0130053C103 /* PlayfairDisplay-ExtraBold.ttf */,
				22931B03287BB0140053C103 /* PlayfairDisplay-ExtraBoldItalic.ttf */,
				22931AFE287BB0130053C103 /* PlayfairDisplay-Italic.ttf */,
				22931AFF287BB0130053C103 /* PlayfairDisplay-Medium.ttf */,
				22931B00287BB0130053C103 /* PlayfairDisplay-MediumItalic.ttf */,
				22931B01287BB0130053C103 /* PlayfairDisplay-SemiBold.ttf */,
				22931AFB287BB0130053C103 /* PlayfairDisplay-SemiBoldItalic.ttf */,
				22931B2D287BB1330053C103 /* PlayfairDisplay-Regular.ttf */,
			);
			name = "Playfair Display";
			sourceTree = "<group>";
		};
		22931AF8287BAFF10053C103 /* Roboto Mono */ = {
			isa = PBXGroup;
			children = (
				22931B12287BB03B0053C103 /* RobotoMono-Bold.ttf */,
				22931B17287BB03C0053C103 /* RobotoMono-BoldItalic.ttf */,
				22931B1C287BB03C0053C103 /* RobotoMono-ExtraLight.ttf */,
				22931B1D287BB03C0053C103 /* RobotoMono-ExtraLightItalic.ttf */,
				22931B19287BB03C0053C103 /* RobotoMono-Italic.ttf */,
				22931B1B287BB03C0053C103 /* RobotoMono-Light.ttf */,
				22931B14287BB03C0053C103 /* RobotoMono-LightItalic.ttf */,
				22931B18287BB03C0053C103 /* RobotoMono-Medium.ttf */,
				22931B11287BB03B0053C103 /* RobotoMono-MediumItalic.ttf */,
				22931B13287BB03B0053C103 /* RobotoMono-Regular.ttf */,
				22931B16287BB03C0053C103 /* RobotoMono-SemiBold.ttf */,
				22931B15287BB03C0053C103 /* RobotoMono-SemiBoldItalic.ttf */,
				22931B1A287BB03C0053C103 /* RobotoMono-Thin.ttf */,
				22931B1E287BB03C0053C103 /* RobotoMono-ThinItalic.ttf */,
			);
			name = "Roboto Mono";
			sourceTree = "<group>";
		};
/* End PBXGroup section */

/* Begin PBXNativeTarget section */
		22082519287B63B3002B6A19 /* CustomDynamicType */ = {
			isa = PBXNativeTarget;
			buildConfigurationList = 2208252E287B63B6002B6A19 /* Build configuration list for PBXNativeTarget "CustomDynamicType" */;
			buildPhases = (
				22082516287B63B3002B6A19 /* Sources */,
				22082517287B63B3002B6A19 /* Frameworks */,
				22082518287B63B3002B6A19 /* Resources */,
			);
			buildRules = (
			);
			dependencies = (
			);
			name = CustomDynamicType;
			productName = CustomDynamicType;
			productReference = 2208251A287B63B3002B6A19 /* CustomDynamicType.app */;
			productType = "com.apple.product-type.application";
		};
/* End PBXNativeTarget section */

/* Begin PBXProject section */
		22082512287B63B3002B6A19 /* Project object */ = {
			isa = PBXProject;
			attributes = {
				BuildIndependentTargetsInParallel = 1;
				LastSwiftUpdateCheck = 1340;
				LastUpgradeCheck = 1340;
				TargetAttributes = {
					22082519287B63B3002B6A19 = {
						CreatedOnToolsVersion = 13.4.1;
					};
				};
			};
			buildConfigurationList = 22082515287B63B3002B6A19 /* Build configuration list for PBXProject "CustomDynamicType" */;
			compatibilityVersion = "Xcode 13.0";
			developmentRegion = en;
			hasScannedForEncodings = 0;
			knownRegions = (
				en,
				Base,
			);
			mainGroup = 22082511287B63B3002B6A19;
			productRefGroup = 2208251B287B63B3002B6A19 /* Products */;
			projectDirPath = "";
			projectRoot = "";
			targets = (
				22082519287B63B3002B6A19 /* CustomDynamicType */,
			);
		};
/* End PBXProject section */

/* Begin PBXResourcesBuildPhase section */
		22082518287B63B3002B6A19 /* Resources */ = {
			isa = PBXResourcesBuildPhase;
			buildActionMask = 2147483647;
			files = (
				22931B2B287BB03C0053C103 /* RobotoMono-ExtraLightItalic.ttf in Resources */,
				22931B0A287BB01F0053C103 /* PlayfairDisplay-Italic.ttf in Resources */,
				22931B08287BB01F0053C103 /* PlayfairDisplay-ExtraBoldItalic.ttf in Resources */,
				22931B10287BB01F0053C103 /* PlayfairDisplay-SemiBoldItalic.ttf in Resources */,
				22931B25287BB03C0053C103 /* RobotoMono-BoldItalic.ttf in Resources */,
				22931B0B287BB01F0053C103 /* PlayfairDisplay-MediumItalic.ttf in Resources */,
				22931B20287BB03C0053C103 /* RobotoMono-Bold.ttf in Resources */,
				22931B09287BB01F0053C103 /* PlayfairDisplay-ExtraBold.ttf in Resources */,
				2208252A287B63B6002B6A19 /* LaunchScreen.storyboard in Resources */,
				22931B05287BB01F0053C103 /* PlayfairDisplay-BlackItalic.ttf in Resources */,
				22931B06287BB01F0053C103 /* PlayfairDisplay-BoldItalic.ttf in Resources */,
				22931B27287BB03C0053C103 /* RobotoMono-Italic.ttf in Resources */,
				22931B22287BB03C0053C103 /* RobotoMono-LightItalic.ttf in Resources */,
				22931B2C287BB03C0053C103 /* RobotoMono-ThinItalic.ttf in Resources */,
				22931B1F287BB03C0053C103 /* RobotoMono-MediumItalic.ttf in Resources */,
				22931B26287BB03C0053C103 /* RobotoMono-Medium.ttf in Resources */,
				22082527287B63B6002B6A19 /* Assets.xcassets in Resources */,
				22931B28287BB03C0053C103 /* RobotoMono-Thin.ttf in Resources */,
				22082525287B63B3002B6A19 /* Main.storyboard in Resources */,
				22931B0F287BB01F0053C103 /* PlayfairDisplay-SemiBold.ttf in Resources */,
				22931B0E287BB01F0053C103 /* PlayfairDisplay-Bold.ttf in Resources */,
				22931B2A287BB03C0053C103 /* RobotoMono-ExtraLight.ttf in Resources */,
				22931B0D287BB01F0053C103 /* PlayfairDisplay-Medium.ttf in Resources */,
				22931B29287BB03C0053C103 /* RobotoMono-Light.ttf in Resources */,
				22931B24287BB03C0053C103 /* RobotoMono-SemiBold.ttf in Resources */,
				22931B23287BB03C0053C103 /* RobotoMono-SemiBoldItalic.ttf in Resources */,
				22931B07287BB01F0053C103 /* PlayfairDisplay-Black.ttf in Resources */,
				22931B2E287BB1360053C103 /* PlayfairDisplay-Regular.ttf in Resources */,
				22931B21287BB03C0053C103 /* RobotoMono-Regular.ttf in Resources */,
			);
			runOnlyForDeploymentPostprocessing = 0;
		};
/* End PBXResourcesBuildPhase section */

/* Begin PBXSourcesBuildPhase section */
		22082516287B63B3002B6A19 /* Sources */ = {
			isa = PBXSourcesBuildPhase;
			buildActionMask = 2147483647;
			files = (
				22931B36287BC6670053C103 /* UIView+SetFont.swift in Sources */,
				22931B30287BB1E00053C103 /* UIFont+.swift in Sources */,
				22931B34287BC0970053C103 /* TestView.swift in Sources */,
				22082522287B63B3002B6A19 /* ViewController.swift in Sources */,
				2208251E287B63B3002B6A19 /* AppDelegate.swift in Sources */,
				22082520287B63B3002B6A19 /* SceneDelegate.swift in Sources */,
			);
			runOnlyForDeploymentPostprocessing = 0;
		};
/* End PBXSourcesBuildPhase section */

/* Begin PBXVariantGroup section */
		22082523287B63B3002B6A19 /* Main.storyboard */ = {
			isa = PBXVariantGroup;
			children = (
				22082524287B63B3002B6A19 /* Base */,
			);
			name = Main.storyboard;
			sourceTree = "<group>";
		};
		22082528287B63B6002B6A19 /* LaunchScreen.storyboard */ = {
			isa = PBXVariantGroup;
			children = (
				22082529287B63B6002B6A19 /* Base */,
			);
			name = LaunchScreen.storyboard;
			sourceTree = "<group>";
		};
/* End PBXVariantGroup section */

/* Begin XCBuildConfiguration section */
		2208252C287B63B6002B6A19 /* Debug */ = {
			isa = XCBuildConfiguration;
			buildSettings = {
				ALWAYS_SEARCH_USER_PATHS = NO;
				CLANG_ANALYZER_NONNULL = YES;
				CLANG_ANALYZER_NUMBER_OBJECT_CONVERSION = YES_AGGRESSIVE;
				CLANG_CXX_LANGUAGE_STANDARD = "gnu++17";
				CLANG_ENABLE_MODULES = YES;
				CLANG_ENABLE_OBJC_ARC = YES;
				CLANG_ENABLE_OBJC_WEAK = YES;
				CLANG_WARN_BLOCK_CAPTURE_AUTORELEASING = YES;
				CLANG_WARN_BOOL_CONVERSION = YES;
				CLANG_WARN_COMMA = YES;
				CLANG_WARN_CONSTANT_CONVERSION = YES;
				CLANG_WARN_DEPRECATED_OBJC_IMPLEMENTATIONS = YES;
				CLANG_WARN_DIRECT_OBJC_ISA_USAGE = YES_ERROR;
				CLANG_WARN_DOCUMENTATION_COMMENTS = YES;
				CLANG_WARN_EMPTY_BODY = YES;
				CLANG_WARN_ENUM_CONVERSION = YES;
				CLANG_WARN_INFINITE_RECURSION = YES;
				CLANG_WARN_INT_CONVERSION = YES;
				CLANG_WARN_NON_LITERAL_NULL_CONVERSION = YES;
				CLANG_WARN_OBJC_IMPLICIT_RETAIN_SELF = YES;
				CLANG_WARN_OBJC_LITERAL_CONVERSION = YES;
				CLANG_WARN_OBJC_ROOT_CLASS = YES_ERROR;
				CLANG_WARN_QUOTED_INCLUDE_IN_FRAMEWORK_HEADER = YES;
				CLANG_WARN_RANGE_LOOP_ANALYSIS = YES;
				CLANG_WARN_STRICT_PROTOTYPES = YES;
				CLANG_WARN_SUSPICIOUS_MOVE = YES;
				CLANG_WARN_UNGUARDED_AVAILABILITY = YES_AGGRESSIVE;
				CLANG_WARN_UNREACHABLE_CODE = YES;
				CLANG_WARN__DUPLICATE_METHOD_MATCH = YES;
				COPY_PHASE_STRIP = NO;
				DEBUG_INFORMATION_FORMAT = dwarf;
				ENABLE_STRICT_OBJC_MSGSEND = YES;
				ENABLE_TESTABILITY = YES;
				GCC_C_LANGUAGE_STANDARD = gnu11;
				GCC_DYNAMIC_NO_PIC = NO;
				GCC_NO_COMMON_BLOCKS = YES;
				GCC_OPTIMIZATION_LEVEL = 0;
				GCC_PREPROCESSOR_DEFINITIONS = (
					"DEBUG=1",
					"$(inherited)",
				);
				GCC_WARN_64_TO_32_BIT_CONVERSION = YES;
				GCC_WARN_ABOUT_RETURN_TYPE = YES_ERROR;
				GCC_WARN_UNDECLARED_SELECTOR = YES;
				GCC_WARN_UNINITIALIZED_AUTOS = YES_AGGRESSIVE;
				GCC_WARN_UNUSED_FUNCTION = YES;
				GCC_WARN_UNUSED_VARIABLE = YES;
				IPHONEOS_DEPLOYMENT_TARGET = 15.5;
				MTL_ENABLE_DEBUG_INFO = INCLUDE_SOURCE;
				MTL_FAST_MATH = YES;
				ONLY_ACTIVE_ARCH = YES;
				SDKROOT = iphoneos;
				SWIFT_ACTIVE_COMPILATION_CONDITIONS = DEBUG;
				SWIFT_OPTIMIZATION_LEVEL = "-Onone";
			};
			name = Debug;
		};
		2208252D287B63B6002B6A19 /* Release */ = {
			isa = XCBuildConfiguration;
			buildSettings = {
				ALWAYS_SEARCH_USER_PATHS = NO;
				CLANG_ANALYZER_NONNULL = YES;
				CLANG_ANALYZER_NUMBER_OBJECT_CONVERSION = YES_AGGRESSIVE;
				CLANG_CXX_LANGUAGE_STANDARD = "gnu++17";
				CLANG_ENABLE_MODULES = YES;
				CLANG_ENABLE_OBJC_ARC = YES;
				CLANG_ENABLE_OBJC_WEAK = YES;
				CLANG_WARN_BLOCK_CAPTURE_AUTORELEASING = YES;
				CLANG_WARN_BOOL_CONVERSION = YES;
				CLANG_WARN_COMMA = YES;
				CLANG_WARN_CONSTANT_CONVERSION = YES;
				CLANG_WARN_DEPRECATED_OBJC_IMPLEMENTATIONS = YES;
				CLANG_WARN_DIRECT_OBJC_ISA_USAGE = YES_ERROR;
				CLANG_WARN_DOCUMENTATION_COMMENTS = YES;
				CLANG_WARN_EMPTY_BODY = YES;
				CLANG_WARN_ENUM_CONVERSION = YES;
				CLANG_WARN_INFINITE_RECURSION = YES;
				CLANG_WARN_INT_CONVERSION = YES;
				CLANG_WARN_NON_LITERAL_NULL_CONVERSION = YES;
				CLANG_WARN_OBJC_IMPLICIT_RETAIN_SELF = YES;
				CLANG_WARN_OBJC_LITERAL_CONVERSION = YES;
				CLANG_WARN_OBJC_ROOT_CLASS = YES_ERROR;
				CLANG_WARN_QUOTED_INCLUDE_IN_FRAMEWORK_HEADER = YES;
				CLANG_WARN_RANGE_LOOP_ANALYSIS = YES;
				CLANG_WARN_STRICT_PROTOTYPES = YES;
				CLANG_WARN_SUSPICIOUS_MOVE = YES;
				CLANG_WARN_UNGUARDED_AVAILABILITY = YES_AGGRESSIVE;
				CLANG_WARN_UNREACHABLE_CODE = YES;
				CLANG_WARN__DUPLICATE_METHOD_MATCH = YES;
				COPY_PHASE_STRIP = NO;
				DEBUG_INFORMATION_FORMAT = "dwarf-with-dsym";
				ENABLE_NS_ASSERTIONS = NO;
				ENABLE_STRICT_OBJC_MSGSEND = YES;
				GCC_C_LANGUAGE_STANDARD = gnu11;
				GCC_NO_COMMON_BLOCKS = YES;
				GCC_WARN_64_TO_32_BIT_CONVERSION = YES;
				GCC_WARN_ABOUT_RETURN_TYPE = YES_ERROR;
				GCC_WARN_UNDECLARED_SELECTOR = YES;
				GCC_WARN_UNINITIALIZED_AUTOS = YES_AGGRESSIVE;
				GCC_WARN_UNUSED_FUNCTION = YES;
				GCC_WARN_UNUSED_VARIABLE = YES;
				IPHONEOS_DEPLOYMENT_TARGET = 15.5;
				MTL_ENABLE_DEBUG_INFO = NO;
				MTL_FAST_MATH = YES;
				SDKROOT = iphoneos;
				SWIFT_COMPILATION_MODE = wholemodule;
				SWIFT_OPTIMIZATION_LEVEL = "-O";
				VALIDATE_PRODUCT = YES;
			};
			name = Release;
		};
		2208252F287B63B6002B6A19 /* Debug */ = {
			isa = XCBuildConfiguration;
			buildSettings = {
				ASSETCATALOG_COMPILER_APPICON_NAME = AppIcon;
				ASSETCATALOG_COMPILER_GLOBAL_ACCENT_COLOR_NAME = AccentColor;
				CODE_SIGN_STYLE = Automatic;
				CURRENT_PROJECT_VERSION = 1;
				DEVELOPMENT_TEAM = FU8C3UUAWX;
				GENERATE_INFOPLIST_FILE = YES;
				INFOPLIST_FILE = CustomDynamicType/Info.plist;
				INFOPLIST_KEY_UIApplicationSupportsIndirectInputEvents = YES;
				INFOPLIST_KEY_UILaunchStoryboardName = LaunchScreen;
				INFOPLIST_KEY_UIMainStoryboardFile = Main;
				INFOPLIST_KEY_UISupportedInterfaceOrientations_iPad = "UIInterfaceOrientationPortrait UIInterfaceOrientationPortraitUpsideDown UIInterfaceOrientationLandscapeLeft UIInterfaceOrientationLandscapeRight";
				INFOPLIST_KEY_UISupportedInterfaceOrientations_iPhone = "UIInterfaceOrientationPortrait UIInterfaceOrientationLandscapeLeft UIInterfaceOrientationLandscapeRight";
				LD_RUNPATH_SEARCH_PATHS = (
					"$(inherited)",
					"@executable_path/Frameworks",
				);
				MARKETING_VERSION = 1.0;
				PRODUCT_BUNDLE_IDENTIFIER = LittleBitEverything.CustomDynamicType;
				PRODUCT_NAME = "$(TARGET_NAME)";
				SWIFT_EMIT_LOC_STRINGS = YES;
				SWIFT_VERSION = 5.0;
				TARGETED_DEVICE_FAMILY = "1,2";
			};
			name = Debug;
		};
		22082530287B63B6002B6A19 /* Release */ = {
			isa = XCBuildConfiguration;
			buildSettings = {
				ASSETCATALOG_COMPILER_APPICON_NAME = AppIcon;
				ASSETCATALOG_COMPILER_GLOBAL_ACCENT_COLOR_NAME = AccentColor;
				CODE_SIGN_STYLE = Automatic;
				CURRENT_PROJECT_VERSION = 1;
				DEVELOPMENT_TEAM = FU8C3UUAWX;
				GENERATE_INFOPLIST_FILE = YES;
				INFOPLIST_FILE = CustomDynamicType/Info.plist;
				INFOPLIST_KEY_UIApplicationSupportsIndirectInputEvents = YES;
				INFOPLIST_KEY_UILaunchStoryboardName = LaunchScreen;
				INFOPLIST_KEY_UIMainStoryboardFile = Main;
				INFOPLIST_KEY_UISupportedInterfaceOrientations_iPad = "UIInterfaceOrientationPortrait UIInterfaceOrientationPortraitUpsideDown UIInterfaceOrientationLandscapeLeft UIInterfaceOrientationLandscapeRight";
				INFOPLIST_KEY_UISupportedInterfaceOrientations_iPhone = "UIInterfaceOrientationPortrait UIInterfaceOrientationLandscapeLeft UIInterfaceOrientationLandscapeRight";
				LD_RUNPATH_SEARCH_PATHS = (
					"$(inherited)",
					"@executable_path/Frameworks",
				);
				MARKETING_VERSION = 1.0;
				PRODUCT_BUNDLE_IDENTIFIER = LittleBitEverything.CustomDynamicType;
				PRODUCT_NAME = "$(TARGET_NAME)";
				SWIFT_EMIT_LOC_STRINGS = YES;
				SWIFT_VERSION = 5.0;
				TARGETED_DEVICE_FAMILY = "1,2";
			};
			name = Release;
		};
/* End XCBuildConfiguration section */

/* Begin XCConfigurationList section */
		22082515287B63B3002B6A19 /* Build configuration list for PBXProject "CustomDynamicType" */ = {
			isa = XCConfigurationList;
			buildConfigurations = (
				2208252C287B63B6002B6A19 /* Debug */,
				2208252D287B63B6002B6A19 /* Release */,
			);
			defaultConfigurationIsVisible = 0;
			defaultConfigurationName = Release;
		};
		2208252E287B63B6002B6A19 /* Build configuration list for PBXNativeTarget "CustomDynamicType" */ = {
			isa = XCConfigurationList;
			buildConfigurations = (
				2208252F287B63B6002B6A19 /* Debug */,
				22082530287B63B6002B6A19 /* Release */,
			);
			defaultConfigurationIsVisible = 0;
			defaultConfigurationName = Release;
		};
/* End XCConfigurationList section */
	};
	rootObject = 22082512287B63B3002B6A19 /* Project object */;
}
